# This file is automatically @generated by Poetry 1.7.1 and should not be changed by hand.

[[package]]
name = "azure-cognitiveservices-speech"
version = "1.37.0"
description = "Microsoft Cognitive Services Speech SDK for Python"
optional = false
python-versions = ">=3.7"
files = [
    {file = "azure_cognitiveservices_speech-1.37.0-py3-none-macosx_10_14_x86_64.whl", hash = "sha256:906d6bf65176e93464e2d763dd074ca00c48cfe1a896371fcdcb155a500910f7"},
    {file = "azure_cognitiveservices_speech-1.37.0-py3-none-macosx_11_0_arm64.whl", hash = "sha256:54ec8dd55d4dbd9058c61909e08485d3761d6d30954da189e1b17d84daf5e2e0"},
    {file = "azure_cognitiveservices_speech-1.37.0-py3-none-manylinux1_x86_64.whl", hash = "sha256:685424689725d2d4115485998c0888c8b5b502259037ff533e5a834575f80b66"},
    {file = "azure_cognitiveservices_speech-1.37.0-py3-none-manylinux2014_aarch64.whl", hash = "sha256:384f66786c2335165035270897b34d0b91736a1fdf38f7696e9a227075cb2489"},
    {file = "azure_cognitiveservices_speech-1.37.0-py3-none-win32.whl", hash = "sha256:343d5f449ccd6c9b53cd37dd46a70ece0905243517df7a0c047779e55072254c"},
    {file = "azure_cognitiveservices_speech-1.37.0-py3-none-win_amd64.whl", hash = "sha256:a18fb45490cdcd681407ccaad9560fb14dda1c8276de297e219ea1a880467e28"},
]

[metadata]
lock-version = "2.0"
python-versions = "^3.11"
content-hash = "abd19aa2a8691f5ab6b0b715b7e386199852a25f8cc1c1cd5346cab0263dbbd4"
